<?xml version="1.0" encoding="utf-8"?>
<Project ToolsVersion="4.0" xmlns="http://schemas.microsoft.com/developer/msbuild/2003">
  <ItemGroup>
    <Filter Include="Source Files">
      <UniqueIdentifier>{4FC737F1-C7A5-4376-A066-2A32D752A2FF}</UniqueIdentifier>
      <Extensions>cpp;c;cc;cxx;def;odl;idl;hpj;bat;asm;asmx</Extensions>
    </Filter>
    <Filter Include="Header Files">
      <UniqueIdentifier>{93995380-89BD-4b04-88EB-625FBE52EBFB}</UniqueIdentifier>
      <Extensions>h;hpp;hxx;hm;inl;inc;xsd</Extensions>
    </Filter>
    <Filter Include="Resource Files">
      <UniqueIdentifier>{67DA6AB6-F800-4c08-8B7A-83BB121AAD01}</UniqueIdentifier>
      <Extensions>rc;ico;cur;bmp;dlg;rc2;rct;bin;rgs;gif;jpg;jpeg;jpe;resx;tiff;tif;png;wav;mfcribbon-ms</Extensions>
    </Filter>
  </ItemGroup>
  <ItemGroup>
    <ClCompile Include="main.cpp">
      <Filter>Source Files</Filter>
    </ClCompile>
    <ClCompile Include="Renderer.cpp">
      <Filter>Source Files</Filter>
    </ClCompile>
    <ClCompile Include="RenderObject.cpp">
      <Filter>Source Files</Filter>
    </ClCompile>
    <ClCompile Include="Shader.cpp">
      <Filter>Source Files</Filter>
    </ClCompile>
    <ClCompile Include="Mesh.cpp">
      <Filter>Source Files</Filter>
    </ClCompile>
    <ClCompile Include="codedump.cpp">
      <Filter>Source Files</Filter>
    </ClCompile>
    <ClCompile Include="Entity.cpp">
      <Filter>Source Files</Filter>
    </ClCompile>
    <ClCompile Include="Euler.cpp">
      <Filter>Source Files</Filter>
    </ClCompile>
    <ClCompile Include="Suvat.cpp">
      <Filter>Source Files</Filter>
    </ClCompile>
    <ClCompile Include="Main2.cpp">
      <Filter>Source Files</Filter>
    </ClCompile>
    <ClCompile Include="Drawing.cpp">
      <Filter>Source Files</Filter>
    </ClCompile>
    <ClCompile Include="GenerateTiles.cpp">
      <Filter>Source Files</Filter>
    </ClCompile>
    <ClCompile Include="Tile.cpp">
      <Filter>Source Files</Filter>
    </ClCompile>
  </ItemGroup>
  <ItemGroup>
    <ClInclude Include="Renderer.h">
      <Filter>Header Files</Filter>
    </ClInclude>
    <ClInclude Include="RenderObject.h">
      <Filter>Header Files</Filter>
    </ClInclude>
    <ClInclude Include="Shader.h">
      <Filter>Header Files</Filter>
    </ClInclude>
    <ClInclude Include="Mesh.h">
      <Filter>Header Files</Filter>
    </ClInclude>
    <ClInclude Include="Entity.h">
      <Filter>Header Files</Filter>
    </ClInclude>
    <ClInclude Include="Euler.h">
      <Filter>Header Files</Filter>
    </ClInclude>
    <ClInclude Include="Suvat.h">
      <Filter>Header Files</Filter>
    </ClInclude>
    <ClInclude Include="Drawing.h">
      <Filter>Header Files</Filter>
    </ClInclude>
    <ClInclude Include="GenerateTiles.h">
      <Filter>Header Files</Filter>
    </ClInclude>
    <ClInclude Include="Tile.h">
      <Filter>Header Files</Filter>
    </ClInclude>
  </ItemGroup>
  <ItemGroup>
    <Image Include="Images\cw_map.bmp">
      <Filter>Resource Files</Filter>
    </Image>
    <Image Include="Images\noise.png">
      <Filter>Resource Files</Filter>
    </Image>
    <Image Include="Images\nyancat.png">
      <Filter>Resource Files</Filter>
    </Image>
    <Image Include="Images\perlin.png">
      <Filter>Resource Files</Filter>
    </Image>
    <Image Include="Images\smiley.png">
      <Filter>Resource Files</Filter>
    </Image>
    <Image Include="Images\Commander.png">
      <Filter>Resource Files</Filter>
    </Image>
    <Image Include="Images\Soldier.png">
      <Filter>Resource Files</Filter>
    </Image>
  </ItemGroup>
  <ItemGroup>
    <None Include="Shaders\vertFrag.glsl">
      <Filter>Resource Files</Filter>
    </None>
    <None Include="Shaders\AlphaFrag.glsl">
      <Filter>Resource Files</Filter>
    </None>
    <None Include="Shaders\BasicFrag.glsl">
      <Filter>Resource Files</Filter>
    </None>
    <None Include="Shaders\BasicGeo.glsl">
      <Filter>Resource Files</Filter>
    </None>
    <None Include="Shaders\BasicTessCont.glsl">
      <Filter>Resource Files</Filter>
    </None>
    <None Include="Shaders\BasicTessEval.glsl">
      <Filter>Resource Files</Filter>
    </None>
    <None Include="Shaders\BasicVert.glsl">
      <Filter>Resource Files</Filter>
    </None>
    <None Include="Shaders\BlankVert.glsl">
      <Filter>Resource Files</Filter>
    </None>
    <None Include="Shaders\EditGeo.glsl">
      <Filter>Resource Files</Filter>
    </None>
    <None Include="Shaders\NoiseFrag.glsl">
      <Filter>Resource Files</Filter>
    </None>
    <None Include="Shaders\NoiseTessCont.glsl">
      <Filter>Resource Files</Filter>
    </None>
    <None Include="Shaders\NoiseTessEval.glsl">
      <Filter>Resource Files</Filter>
    </None>
    <None Include="Shaders\oscillateVert.glsl">
      <Filter>Resource Files</Filter>
    </None>
    <None Include="Shaders\shrinkVert.glsl">
      <Filter>Resource Files</Filter>
    </None>
    <None Include="Shaders\TexFrag.glsl">
      <Filter>Resource Files</Filter>
    </None>
  </ItemGroup>
</Project>